
Microsoft Visual Studio Solution File, Format Version 12.00
# Visual Studio Version 17
VisualStudioVersion = 17.0.32112.339
MinimumVisualStudioVersion = 10.0.40219.1
Project("{9A19103F-16F7-4668-BE54-9A1E7A4F7556}") = "DomainLayer", "DomainLayer\DomainLayer.csproj", "{5FE15F92-1700-41BE-AC3D-6659D7F7C6CF}"
EndProject
Project("{9A19103F-16F7-4668-BE54-9A1E7A4F7556}") = "RepositoryLayer", "RepositoryLayer\RepositoryLayer.csproj", "{0E059D03-C4D9-4169-8735-71C798864762}"
EndProject
Project("{9A19103F-16F7-4668-BE54-9A1E7A4F7556}") = "ServiceLayer", "ServiceLayer\ServiceLayer.csproj", "{F1E68F92-7934-4FDC-AA7B-5C3AD5299C54}"
EndProject
Project("{9A19103F-16F7-4668-BE54-9A1E7A4F7556}") = "API", "API\API.csproj", "{92620C3D-230A-466C-A22F-256B4467796A}"
EndProject
Project("{9A19103F-16F7-4668-BE54-9A1E7A4F7556}") = "IntegrationTests", "IntegrationTests\IntegrationTests.csproj", "{D4A029CE-DB37-4D65-8A96-578A987E7DA8}"
EndProject
Project("{2150E333-8FDC-42A3-9474-1A3956D46DE8}") = "Tests", "Tests", "{42C50E6B-79A1-4A78-90B9-47D45A46F105}"
EndProject
Global
	GlobalSection(SolutionConfigurationPlatforms) = preSolution
		Debug|Any CPU = Debug|Any CPU
		Release|Any CPU = Release|Any CPU
	EndGlobalSection
	GlobalSection(ProjectConfigurationPlatforms) = postSolution
		{5FE15F92-1700-41BE-AC3D-6659D7F7C6CF}.Debug|Any CPU.ActiveCfg = Debug|Any CPU
		{5FE15F92-1700-41BE-AC3D-6659D7F7C6CF}.Debug|Any CPU.Build.0 = Debug|Any CPU
		{5FE15F92-1700-41BE-AC3D-6659D7F7C6CF}.Release|Any CPU.ActiveCfg = Release|Any CPU
		{5FE15F92-1700-41BE-AC3D-6659D7F7C6CF}.Release|Any CPU.Build.0 = Release|Any CPU
		{0E059D03-C4D9-4169-8735-71C798864762}.Debug|Any CPU.ActiveCfg = Debug|Any CPU
		{0E059D03-C4D9-4169-8735-71C798864762}.Debug|Any CPU.Build.0 = Debug|Any CPU
		{0E059D03-C4D9-4169-8735-71C798864762}.Release|Any CPU.ActiveCfg = Release|Any CPU
		{0E059D03-C4D9-4169-8735-71C798864762}.Release|Any CPU.Build.0 = Release|Any CPU
		{F1E68F92-7934-4FDC-AA7B-5C3AD5299C54}.Debug|Any CPU.ActiveCfg = Debug|Any CPU
		{F1E68F92-7934-4FDC-AA7B-5C3AD5299C54}.Debug|Any CPU.Build.0 = Debug|Any CPU
		{F1E68F92-7934-4FDC-AA7B-5C3AD5299C54}.Release|Any CPU.ActiveCfg = Release|Any CPU
		{F1E68F92-7934-4FDC-AA7B-5C3AD5299C54}.Release|Any CPU.Build.0 = Release|Any CPU
		{92620C3D-230A-466C-A22F-256B4467796A}.Debug|Any CPU.ActiveCfg = Debug|Any CPU
		{92620C3D-230A-466C-A22F-256B4467796A}.Debug|Any CPU.Build.0 = Debug|Any CPU
		{92620C3D-230A-466C-A22F-256B4467796A}.Release|Any CPU.ActiveCfg = Release|Any CPU
		{92620C3D-230A-466C-A22F-256B4467796A}.Release|Any CPU.Build.0 = Release|Any CPU
		{D4A029CE-DB37-4D65-8A96-578A987E7DA8}.Debug|Any CPU.ActiveCfg = Debug|Any CPU
		{D4A029CE-DB37-4D65-8A96-578A987E7DA8}.Debug|Any CPU.Build.0 = Debug|Any CPU
		{D4A029CE-DB37-4D65-8A96-578A987E7DA8}.Release|Any CPU.ActiveCfg = Release|Any CPU
		{D4A029CE-DB37-4D65-8A96-578A987E7DA8}.Release|Any CPU.Build.0 = Release|Any CPU
	EndGlobalSection
	GlobalSection(SolutionProperties) = preSolution
		HideSolutionNode = FALSE
	EndGlobalSection
	GlobalSection(NestedProjects) = preSolution
		{D4A029CE-DB37-4D65-8A96-578A987E7DA8} = {42C50E6B-79A1-4A78-90B9-47D45A46F105}
	EndGlobalSection
	GlobalSection(ExtensibilityGlobals) = postSolution
		SolutionGuid = {9D8B7A5E-B33F-451D-9CB7-D554FF460E44}
	EndGlobalSection
EndGlobal
